{
  "requires": true,
  "lockfileVersion": 1,
  "dependencies": {
    "@syncfusion/ej2-base": {
      "version": "20.2.38",
      "resolved": "https://registry.npmjs.org/@syncfusion/ej2-base/-/ej2-base-20.2.38.tgz",
      "integrity": "sha512-o8O7BbaoV9LOOb+W9wovPYMjDYD9JFlNffVjFTtW65f7qs28aGzPS2NLmVvMgv5sDHg3QuZJf/lqFV1wUYdBdg==",
      "requires": {
        "@syncfusion/ej2-icons": "~20.2.38"
      }
    },
    "@syncfusion/ej2-buttons": {
      "version": "20.2.38",
      "resolved": "https://registry.npmjs.org/@syncfusion/ej2-buttons/-/ej2-buttons-20.2.38.tgz",
      "integrity": "sha512-KXtFwnymf8/nXxd4MQpmvIXTTjJuoruD703T+ub8acOHG+ONUi+E9DVImKp46pfMvd0ywArGyClxiWzcpTtoFw==",
      "requires": {
        "@syncfusion/ej2-base": "~20.2.38"
      }
    },
    "@syncfusion/ej2-calendars": {
      "version": "20.2.38",
      "resolved": "https://registry.npmjs.org/@syncfusion/ej2-calendars/-/ej2-calendars-20.2.38.tgz",
      "integrity": "sha512-SXso4WpGvpgN+3hYxTbNOqWBdBpV4/5sJlq5ql9iI8iwFkFvPqRXLyzxr/6wsWllVMXLywHUAd8FxKt0YdCCGw==",
      "requires": {
        "@syncfusion/ej2-base": "~20.2.38",
        "@syncfusion/ej2-buttons": "~20.2.38",
        "@syncfusion/ej2-inputs": "~20.2.38",
        "@syncfusion/ej2-lists": "~20.2.38",
        "@syncfusion/ej2-popups": "~20.2.38"
      }
    },
    "@syncfusion/ej2-data": {
      "version": "20.2.38",
      "resolved": "https://registry.npmjs.org/@syncfusion/ej2-data/-/ej2-data-20.2.38.tgz",
      "integrity": "sha512-TzIr50hiEOvT/j79QkhaO0+a+jYffVhfFc3Fwy3xAYaiPf4z0RUemGdkyjWSYb7rposFCThUlgEW+gagVbgA4w==",
      "requires": {
        "@syncfusion/ej2-base": "~20.2.38"
      }
    },
    "@syncfusion/ej2-icons": {
      "version": "20.2.38",
      "resolved": "https://registry.npmjs.org/@syncfusion/ej2-icons/-/ej2-icons-20.2.38.tgz",
      "integrity": "sha512-QmyUTO8N9oGazIC379IOOj8PUK/KnGhoXyhKmMl+FvIv46Lpj1/P+jkg3Fwm3ntjjJtKn2N4o7Bw4m5AunvIkw=="
    },
    "@syncfusion/ej2-inputs": {
      "version": "20.2.38",
      "resolved": "https://registry.npmjs.org/@syncfusion/ej2-inputs/-/ej2-inputs-20.2.38.tgz",
      "integrity": "sha512-Zfxr/UFGpNMi97kZIbw8GdsCN1SVrcb+oyXB+fA8McwfaKSTcfUaluQTK5BgI/QsgPVRstrAxqhwYanYuzIkRA==",
      "requires": {
        "@syncfusion/ej2-base": "~20.2.38",
        "@syncfusion/ej2-buttons": "~20.2.38",
        "@syncfusion/ej2-popups": "~20.2.38",
        "@syncfusion/ej2-splitbuttons": "~20.2.38"
      }
    },
    "@syncfusion/ej2-lists": {
      "version": "20.2.38",
      "resolved": "https://registry.npmjs.org/@syncfusion/ej2-lists/-/ej2-lists-20.2.38.tgz",
      "integrity": "sha512-un5Spnch97tS/5dQ9lyTMeux/Oh1HBfjaggSETpN8aXTpFJTr20CB6NEr5AJ2Y3bKWgnQxpY/ZqR7wuxPdNQSw==",
      "requires": {
        "@syncfusion/ej2-base": "~20.2.38",
        "@syncfusion/ej2-buttons": "~20.2.38",
        "@syncfusion/ej2-data": "~20.2.38"
      }
    },
    "@syncfusion/ej2-popups": {
      "version": "20.2.38",
      "resolved": "https://registry.npmjs.org/@syncfusion/ej2-popups/-/ej2-popups-20.2.38.tgz",
      "integrity": "sha512-og5FkDVj4zlV7QoS7PT+AnLk2Y3qd71MikVB9acZVgxd9Qf9wVkZfzTzmTl682MWa60U5bvBA/j+537LUBXsLw==",
      "requires": {
        "@syncfusion/ej2-base": "~20.2.38",
        "@syncfusion/ej2-buttons": "~20.2.38"
      }
    },
    "@syncfusion/ej2-react-base": {
      "version": "20.2.38",
      "resolved": "https://registry.npmjs.org/@syncfusion/ej2-react-base/-/ej2-react-base-20.2.38.tgz",
      "integrity": "sha512-MlCQicoP36CJL6d9hNAeW5wiQCnxUWN3vNmt3XJSChSYNfEFWzZc6cV7EUS8/dO1jvB9gQXH6uU2Ys2eX3EiSA==",
      "requires": {
        "@syncfusion/ej2-base": "~20.2.38"
      }
    },
    "@syncfusion/ej2-react-calendars": {
      "version": "20.2.38",
      "resolved": "https://registry.npmjs.org/@syncfusion/ej2-react-calendars/-/ej2-react-calendars-20.2.38.tgz",
      "integrity": "sha512-/Dl0vK2TuiqPiCT3s25URVDCxviF5N3MW5t6Tp2i4lXA7DdgdxSpD9rOwCWmRPG6c4qfUwXizM/PgqiHb7NDuA==",
      "requires": {
        "@syncfusion/ej2-base": "~20.2.38",
        "@syncfusion/ej2-calendars": "20.2.38",
        "@syncfusion/ej2-react-base": "~20.2.38"
      }
    },
    "@syncfusion/ej2-splitbuttons": {
      "version": "20.2.38",
      "resolved": "https://registry.npmjs.org/@syncfusion/ej2-splitbuttons/-/ej2-splitbuttons-20.2.38.tgz",
      "integrity": "sha512-vjH97v185gKplAzlm8D/3dHncHL+ZSPsC1fXK4k9qMisnaiU1RvSlsCTj129u2zaYjQv5WqCTpNXaKDkrOEmQw==",
      "requires": {
        "@syncfusion/ej2-base": "~20.2.38",
        "@syncfusion/ej2-popups": "~20.2.38"
      }
    }
  }
}
